// !$*UTF8*$!
{
	archiveVersion = 1;
	classes = {
	};
	objectVersion = 48;
	objects = {

/* Begin PBXBuildFile section */
		3FD9A76FF0799DB25D0794BA /* Pods_instagramAppTests.framework in Frameworks */ = {isa = PBXBuildFile; fileRef = 1429423FFC13134EB978FF07 /* Pods_instagramAppTests.framework */; };
		4444CFDF2043C19700DEAD7E /* AppDelegate.swift in Sources */ = {isa = PBXBuildFile; fileRef = 4444CFDE2043C19700DEAD7E /* AppDelegate.swift */; };
		4444CFE12043C19700DEAD7E /* UserMainPageViewController.swift in Sources */ = {isa = PBXBuildFile; fileRef = 4444CFE02043C19700DEAD7E /* UserMainPageViewController.swift */; };
		4444CFE42043C19700DEAD7E /* Main.storyboard in Resources */ = {isa = PBXBuildFile; fileRef = 4444CFE22043C19700DEAD7E /* Main.storyboard */; };
		4444CFE62043C19700DEAD7E /* Assets.xcassets in Resources */ = {isa = PBXBuildFile; fileRef = 4444CFE52043C19700DEAD7E /* Assets.xcassets */; };
		4444CFE92043C19700DEAD7E /* LaunchScreen.storyboard in Resources */ = {isa = PBXBuildFile; fileRef = 4444CFE72043C19700DEAD7E /* LaunchScreen.storyboard */; };
		4444CFF42043C19700DEAD7E /* instagramAppTests.swift in Sources */ = {isa = PBXBuildFile; fileRef = 4444CFF32043C19700DEAD7E /* instagramAppTests.swift */; };
		4444CFFF2043C19700DEAD7E /* instagramAppUITests.swift in Sources */ = {isa = PBXBuildFile; fileRef = 4444CFFE2043C19700DEAD7E /* instagramAppUITests.swift */; };
		4444D00D2043C60A00DEAD7E /* LoginViewController.swift in Sources */ = {isa = PBXBuildFile; fileRef = 4444D00C2043C60A00DEAD7E /* LoginViewController.swift */; };
		4444D017204544E200DEAD7E /* UIColorFile.swift in Sources */ = {isa = PBXBuildFile; fileRef = 4444D016204544E200DEAD7E /* UIColorFile.swift */; };
		5A666E3C34052CFB2AD18339 /* Pods_instagramAppUITests.framework in Frameworks */ = {isa = PBXBuildFile; fileRef = 452A23D814C0821D0B0AF531 /* Pods_instagramAppUITests.framework */; };
		A28B31BA800747FE949CF305 /* Pods_instagramApp.framework in Frameworks */ = {isa = PBXBuildFile; fileRef = 3C7C3971A0C0D31D6BD45C97 /* Pods_instagramApp.framework */; };
/* End PBXBuildFile section */

/* Begin PBXContainerItemProxy section */
		4444CFF02043C19700DEAD7E /* PBXContainerItemProxy */ = {
			isa = PBXContainerItemProxy;
			containerPortal = 4444CFD32043C19700DEAD7E /* Project object */;
			proxyType = 1;
			remoteGlobalIDString = 4444CFDA2043C19700DEAD7E;
			remoteInfo = instagramApp;
		};
		4444CFFB2043C19700DEAD7E /* PBXContainerItemProxy */ = {
			isa = PBXContainerItemProxy;
			containerPortal = 4444CFD32043C19700DEAD7E /* Project object */;
			proxyType = 1;
			remoteGlobalIDString = 4444CFDA2043C19700DEAD7E;
			remoteInfo = instagramApp;
		};
/* End PBXContainerItemProxy section */

/* Begin PBXFileReference section */
		1429423FFC13134EB978FF07 /* Pods_instagramAppTests.framework */ = {isa = PBXFileReference; explicitFileType = wrapper.framework; includeInIndex = 0; path = Pods_instagramAppTests.framework; sourceTree = BUILT_PRODUCTS_DIR; };
		28D86BCAFC060716073E9A9E /* Pods-instagramApp.release.xcconfig */ = {isa = PBXFileReference; includeInIndex = 1; lastKnownFileType = text.xcconfig; name = "Pods-instagramApp.release.xcconfig"; path = "Pods/Target Support Files/Pods-instagramApp/Pods-instagramApp.release.xcconfig"; sourceTree = "<group>"; };
		3C7C3971A0C0D31D6BD45C97 /* Pods_instagramApp.framework */ = {isa = PBXFileReference; explicitFileType = wrapper.framework; includeInIndex = 0; path = Pods_instagramApp.framework; sourceTree = BUILT_PRODUCTS_DIR; };
		4444CFDB2043C19700DEAD7E /* instagramApp.app */ = {isa = PBXFileReference; explicitFileType = wrapper.application; includeInIndex = 0; path = instagramApp.app; sourceTree = BUILT_PRODUCTS_DIR; };
		4444CFDE2043C19700DEAD7E /* AppDelegate.swift */ = {isa = PBXFileReference; lastKnownFileType = sourcecode.swift; path = AppDelegate.swift; sourceTree = "<group>"; };
		4444CFE02043C19700DEAD7E /* UserMainPageViewController.swift */ = {isa = PBXFileReference; lastKnownFileType = sourcecode.swift; path = UserMainPageViewController.swift; sourceTree = "<group>"; };
		4444CFE32043C19700DEAD7E /* Base */ = {isa = PBXFileReference; lastKnownFileType = file.storyboard; name = Base; path = Base.lproj/Main.storyboard; sourceTree = "<group>"; };
		4444CFE52043C19700DEAD7E /* Assets.xcassets */ = {isa = PBXFileReference; lastKnownFileType = folder.assetcatalog; path = Assets.xcassets; sourceTree = "<group>"; };
		4444CFE82043C19700DEAD7E /* Base */ = {isa = PBXFileReference; lastKnownFileType = file.storyboard; name = Base; path = Base.lproj/LaunchScreen.storyboard; sourceTree = "<group>"; };
		4444CFEA2043C19700DEAD7E /* Info.plist */ = {isa = PBXFileReference; lastKnownFileType = text.plist.xml; path = Info.plist; sourceTree = "<group>"; };
		4444CFEF2043C19700DEAD7E /* instagramAppTests.xctest */ = {isa = PBXFileReference; explicitFileType = wrapper.cfbundle; includeInIndex = 0; path = instagramAppTests.xctest; sourceTree = BUILT_PRODUCTS_DIR; };
		4444CFF32043C19700DEAD7E /* instagramAppTests.swift */ = {isa = PBXFileReference; lastKnownFileType = sourcecode.swift; path = instagramAppTests.swift; sourceTree = "<group>"; };
		4444CFF52043C19700DEAD7E /* Info.plist */ = {isa = PBXFileReference; lastKnownFileType = text.plist.xml; path = Info.plist; sourceTree = "<group>"; };
		4444CFFA2043C19700DEAD7E /* instagramAppUITests.xctest */ = {isa = PBXFileReference; explicitFileType = wrapper.cfbundle; includeInIndex = 0; path = instagramAppUITests.xctest; sourceTree = BUILT_PRODUCTS_DIR; };
		4444CFFE2043C19700DEAD7E /* instagramAppUITests.swift */ = {isa = PBXFileReference; lastKnownFileType = sourcecode.swift; path = instagramAppUITests.swift; sourceTree = "<group>"; };
		4444D0002043C19700DEAD7E /* Info.plist */ = {isa = PBXFileReference; lastKnownFileType = text.plist.xml; path = Info.plist; sourceTree = "<group>"; };
		4444D00C2043C60A00DEAD7E /* LoginViewController.swift */ = {isa = PBXFileReference; lastKnownFileType = sourcecode.swift; path = LoginViewController.swift; sourceTree = "<group>"; };
		4444D016204544E200DEAD7E /* UIColorFile.swift */ = {isa = PBXFileReference; lastKnownFileType = sourcecode.swift; path = UIColorFile.swift; sourceTree = "<group>"; };
		452A23D814C0821D0B0AF531 /* Pods_instagramAppUITests.framework */ = {isa = PBXFileReference; explicitFileType = wrapper.framework; includeInIndex = 0; path = Pods_instagramAppUITests.framework; sourceTree = BUILT_PRODUCTS_DIR; };
		80AD353116D4CAD1AEB4E992 /* Pods-instagramApp.debug.xcconfig */ = {isa = PBXFileReference; includeInIndex = 1; lastKnownFileType = text.xcconfig; name = "Pods-instagramApp.debug.xcconfig"; path = "Pods/Target Support Files/Pods-instagramApp/Pods-instagramApp.debug.xcconfig"; sourceTree = "<group>"; };
		8A9F4E0636AEF09244BF08D1 /* Pods-instagramAppUITests.debug.xcconfig */ = {isa = PBXFileReference; includeInIndex = 1; lastKnownFileType = text.xcconfig; name = "Pods-instagramAppUITests.debug.xcconfig"; path = "Pods/Target Support Files/Pods-instagramAppUITests/Pods-instagramAppUITests.debug.xcconfig"; sourceTree = "<group>"; };
		C05B492A83424AE0E43C3070 /* Pods-instagramAppUITests.release.xcconfig */ = {isa = PBXFileReference; includeInIndex = 1; lastKnownFileType = text.xcconfig; name = "Pods-instagramAppUITests.release.xcconfig"; path = "Pods/Target Support Files/Pods-instagramAppUITests/Pods-instagramAppUITests.release.xcconfig"; sourceTree = "<group>"; };
		C6E83A254BC511DEA2F3B65C /* Pods-instagramAppTests.release.xcconfig */ = {isa = PBXFileReference; includeInIndex = 1; lastKnownFileType = text.xcconfig; name = "Pods-instagramAppTests.release.xcconfig"; path = "Pods/Target Support Files/Pods-instagramAppTests/Pods-instagramAppTests.release.xcconfig"; sourceTree = "<group>"; };
		D61FB66CA37DF92707512537 /* Pods-instagramAppTests.debug.xcconfig */ = {isa = PBXFileReference; includeInIndex = 1; lastKnownFileType = text.xcconfig; name = "Pods-instagramAppTests.debug.xcconfig"; path = "Pods/Target Support Files/Pods-instagramAppTests/Pods-instagramAppTests.debug.xcconfig"; sourceTree = "<group>"; };
/* End PBXFileReference section */

/* Begin PBXFrameworksBuildPhase section */
		4444CFD82043C19700DEAD7E /* Frameworks */ = {
			isa = PBXFrameworksBuildPhase;
			buildActionMask = 2147483647;
			files = (
				A28B31BA800747FE949CF305 /* Pods_instagramApp.framework in Frameworks */,
			);
			runOnlyForDeploymentPostprocessing = 0;
		};
		4444CFEC2043C19700DEAD7E /* Frameworks */ = {
			isa = PBXFrameworksBuildPhase;
			buildActionMask = 2147483647;
			files = (
				3FD9A76FF0799DB25D0794BA /* Pods_instagramAppTests.framework in Frameworks */,
			);
			runOnlyForDeploymentPostprocessing = 0;
		};
		4444CFF72043C19700DEAD7E /* Frameworks */ = {
			isa = PBXFrameworksBuildPhase;
			buildActionMask = 2147483647;
			files = (
				5A666E3C34052CFB2AD18339 /* Pods_instagramAppUITests.framework in Frameworks */,
			);
			runOnlyForDeploymentPostprocessing = 0;
		};
/* End PBXFrameworksBuildPhase section */

/* Begin PBXGroup section */
		4444CFD22043C19700DEAD7E = {
			isa = PBXGroup;
			children = (
				4444CFDD2043C19700DEAD7E /* instagramApp */,
				4444CFF22043C19700DEAD7E /* instagramAppTests */,
				4444CFFD2043C19700DEAD7E /* instagramAppUITests */,
				4444CFDC2043C19700DEAD7E /* Products */,
				9F169ADCF8EB177A651000DA /* Pods */,
				DAC661B8BF403BFE59E9049A /* Frameworks */,
			);
			sourceTree = "<group>";
		};
		4444CFDC2043C19700DEAD7E /* Products */ = {
			isa = PBXGroup;
			children = (
				4444CFDB2043C19700DEAD7E /* instagramApp.app */,
				4444CFEF2043C19700DEAD7E /* instagramAppTests.xctest */,
				4444CFFA2043C19700DEAD7E /* instagramAppUITests.xctest */,
			);
			name = Products;
			sourceTree = "<group>";
		};
		4444CFDD2043C19700DEAD7E /* instagramApp */ = {
			isa = PBXGroup;
			children = (
				4444CFDE2043C19700DEAD7E /* AppDelegate.swift */,
				4444CFE02043C19700DEAD7E /* UserMainPageViewController.swift */,
				4444CFE22043C19700DEAD7E /* Main.storyboard */,
				4444CFE52043C19700DEAD7E /* Assets.xcassets */,
				4444CFE72043C19700DEAD7E /* LaunchScreen.storyboard */,
				4444CFEA2043C19700DEAD7E /* Info.plist */,
				4444D00C2043C60A00DEAD7E /* LoginViewController.swift */,
				4444D016204544E200DEAD7E /* UIColorFile.swift */,
			);
			path = instagramApp;
			sourceTree = "<group>";
		};
		4444CFF22043C19700DEAD7E /* instagramAppTests */ = {
			isa = PBXGroup;
			children = (
				4444CFF32043C19700DEAD7E /* instagramAppTests.swift */,
				4444CFF52043C19700DEAD7E /* Info.plist */,
			);
			path = instagramAppTests;
			sourceTree = "<group>";
		};
		4444CFFD2043C19700DEAD7E /* instagramAppUITests */ = {
			isa = PBXGroup;
			children = (
				4444CFFE2043C19700DEAD7E /* instagramAppUITests.swift */,
				4444D0002043C19700DEAD7E /* Info.plist */,
			);
			path = instagramAppUITests;
			sourceTree = "<group>";
		};
		9F169ADCF8EB177A651000DA /* Pods */ = {
			isa = PBXGroup;
			children = (
				80AD353116D4CAD1AEB4E992 /* Pods-instagramApp.debug.xcconfig */,
				28D86BCAFC060716073E9A9E /* Pods-instagramApp.release.xcconfig */,
				D61FB66CA37DF92707512537 /* Pods-instagramAppTests.debug.xcconfig */,
				C6E83A254BC511DEA2F3B65C /* Pods-instagramAppTests.release.xcconfig */,
				8A9F4E0636AEF09244BF08D1 /* Pods-instagramAppUITests.debug.xcconfig */,
				C05B492A83424AE0E43C3070 /* Pods-instagramAppUITests.release.xcconfig */,
			);
			name = Pods;
			sourceTree = "<group>";
		};
		DAC661B8BF403BFE59E9049A /* Frameworks */ = {
			isa = PBXGroup;
			children = (
				3C7C3971A0C0D31D6BD45C97 /* Pods_instagramApp.framework */,
				1429423FFC13134EB978FF07 /* Pods_instagramAppTests.framework */,
				452A23D814C0821D0B0AF531 /* Pods_instagramAppUITests.framework */,
			);
			name = Frameworks;
			sourceTree = "<group>";
		};
/* End PBXGroup section */

/* Begin PBXNativeTarget section */
		4444CFDA2043C19700DEAD7E /* instagramApp */ = {
			isa = PBXNativeTarget;
			buildConfigurationList = 4444D0032043C19700DEAD7E /* Build configuration list for PBXNativeTarget "instagramApp" */;
			buildPhases = (
				AEC80068FC42BB7759C6B19B /* [CP] Check Pods Manifest.lock */,
				4444CFD72043C19700DEAD7E /* Sources */,
				4444CFD82043C19700DEAD7E /* Frameworks */,
				4444CFD92043C19700DEAD7E /* Resources */,
				D95DA38C100D7F10627AAF99 /* [CP] Embed Pods Frameworks */,
				BF0EBE36710AE3EBC5C5B645 /* [CP] Copy Pods Resources */,
			);
			buildRules = (
			);
			dependencies = (
			);
			name = instagramApp;
			productName = instagramApp;
			productReference = 4444CFDB2043C19700DEAD7E /* instagramApp.app */;
			productType = "com.apple.product-type.application";
		};
		4444CFEE2043C19700DEAD7E /* instagramAppTests */ = {
			isa = PBXNativeTarget;
			buildConfigurationList = 4444D0062043C19700DEAD7E /* Build configuration list for PBXNativeTarget "instagramAppTests" */;
			buildPhases = (
				AE8CF63A08FFC9EE73CA899A /* [CP] Check Pods Manifest.lock */,
				4444CFEB2043C19700DEAD7E /* Sources */,
				4444CFEC2043C19700DEAD7E /* Frameworks */,
				4444CFED2043C19700DEAD7E /* Resources */,
				07918731FFF2901FED88C704 /* [CP] Embed Pods Frameworks */,
				1E2B8DBFDC3FEDDC76E8C31B /* [CP] Copy Pods Resources */,
			);
			buildRules = (
			);
			dependencies = (
				4444CFF12043C19700DEAD7E /* PBXTargetDependency */,
			);
			name = instagramAppTests;
			productName = instagramAppTests;
			productReference = 4444CFEF2043C19700DEAD7E /* instagramAppTests.xctest */;
			productType = "com.apple.product-type.bundle.unit-test";
		};
		4444CFF92043C19700DEAD7E /* instagramAppUITests */ = {
			isa = PBXNativeTarget;
			buildConfigurationList = 4444D0092043C19700DEAD7E /* Build configuration list for PBXNativeTarget "instagramAppUITests" */;
			buildPhases = (
				23FF31AB4D8EBDE07559B005 /* [CP] Check Pods Manifest.lock */,
				4444CFF62043C19700DEAD7E /* Sources */,
				4444CFF72043C19700DEAD7E /* Frameworks */,
				4444CFF82043C19700DEAD7E /* Resources */,
				357A39858F20679C3096AA04 /* [CP] Embed Pods Frameworks */,
				252DA2360FD6FDAFC5977814 /* [CP] Copy Pods Resources */,
			);
			buildRules = (
			);
			dependencies = (
				4444CFFC2043C19700DEAD7E /* PBXTargetDependency */,
			);
			name = instagramAppUITests;
			productName = instagramAppUITests;
			productReference = 4444CFFA2043C19700DEAD7E /* instagramAppUITests.xctest */;
			productType = "com.apple.product-type.bundle.ui-testing";
		};
/* End PBXNativeTarget section */

/* Begin PBXProject section */
		4444CFD32043C19700DEAD7E /* Project object */ = {
			isa = PBXProject;
			attributes = {
				LastSwiftUpdateCheck = 0920;
				LastUpgradeCheck = 0920;
				ORGANIZATIONNAME = "Jigyasaa Sood";
				TargetAttributes = {
					4444CFDA2043C19700DEAD7E = {
						CreatedOnToolsVersion = 9.2;
						ProvisioningStyle = Automatic;
					};
					4444CFEE2043C19700DEAD7E = {
						CreatedOnToolsVersion = 9.2;
						ProvisioningStyle = Automatic;
						TestTargetID = 4444CFDA2043C19700DEAD7E;
					};
					4444CFF92043C19700DEAD7E = {
						CreatedOnToolsVersion = 9.2;
						ProvisioningStyle = Automatic;
						TestTargetID = 4444CFDA2043C19700DEAD7E;
					};
				};
			};
			buildConfigurationList = 4444CFD62043C19700DEAD7E /* Build configuration list for PBXProject "instagramApp" */;
			compatibilityVersion = "Xcode 8.0";
			developmentRegion = en;
			hasScannedForEncodings = 0;
			knownRegions = (
				en,
				Base,
			);
			mainGroup = 4444CFD22043C19700DEAD7E;
			productRefGroup = 4444CFDC2043C19700DEAD7E /* Products */;
			projectDirPath = "";
			projectRoot = "";
			targets = (
				4444CFDA2043C19700DEAD7E /* instagramApp */,
				4444CFEE2043C19700DEAD7E /* instagramAppTests */,
				4444CFF92043C19700DEAD7E /* instagramAppUITests */,
			);
		};
/* End PBXProject section */

/* Begin PBXResourcesBuildPhase section */
		4444CFD92043C19700DEAD7E /* Resources */ = {
			isa = PBXResourcesBuildPhase;
			buildActionMask = 2147483647;
			files = (
				4444CFE92043C19700DEAD7E /* LaunchScreen.storyboard in Resources */,
				4444CFE62043C19700DEAD7E /* Assets.xcassets in Resources */,
				4444CFE42043C19700DEAD7E /* Main.storyboard in Resources */,
			);
			runOnlyForDeploymentPostprocessing = 0;
		};
		4444CFED2043C19700DEAD7E /* Resources */ = {
			isa = PBXResourcesBuildPhase;
			buildActionMask = 2147483647;
			files = (
			);
			runOnlyForDeploymentPostprocessing = 0;
		};
		4444CFF82043C19700DEAD7E /* Resources */ = {
			isa = PBXResourcesBuildPhase;
			buildActionMask = 2147483647;
			files = (
			);
			runOnlyForDeploymentPostprocessing = 0;
		};
/* End PBXResourcesBuildPhase section */

/* Begin PBXShellScriptBuildPhase section */
		07918731FFF2901FED88C704 /* [CP] Embed Pods Frameworks */ = {
			isa = PBXShellScriptBuildPhase;
			buildActionMask = 2147483647;
			files = (
			);
			inputPaths = (
			);
			name = "[CP] Embed Pods Frameworks";
			outputPaths = (
			);
			runOnlyForDeploymentPostprocessing = 0;
			shellPath = /bin/sh;
			shellScript = "\"${SRCROOT}/Pods/Target Support Files/Pods-instagramAppTests/Pods-instagramAppTests-frameworks.sh\"\n";
			showEnvVarsInLog = 0;
		};
		1E2B8DBFDC3FEDDC76E8C31B /* [CP] Copy Pods Resources */ = {
			isa = PBXShellScriptBuildPhase;
			buildActionMask = 2147483647;
			files = (
			);
			inputPaths = (
			);
			name = "[CP] Copy Pods Resources";
			outputPaths = (
			);
			runOnlyForDeploymentPostprocessing = 0;
			shellPath = /bin/sh;
			shellScript = "\"${SRCROOT}/Pods/Target Support Files/Pods-instagramAppTests/Pods-instagramAppTests-resources.sh\"\n";
			showEnvVarsInLog = 0;
		};
		23FF31AB4D8EBDE07559B005 /* [CP] Check Pods Manifest.lock */ = {
			isa = PBXShellScriptBuildPhase;
			buildActionMask = 2147483647;
			files = (
			);
			inputPaths = (
				"${PODS_PODFILE_DIR_PATH}/Podfile.lock",
				"${PODS_ROOT}/Manifest.lock",
			);
			name = "[CP] Check Pods Manifest.lock";
			outputPaths = (
				"$(DERIVED_FILE_DIR)/Pods-instagramAppUITests-checkManifestLockResult.txt",
			);
			runOnlyForDeploymentPostprocessing = 0;
			shellPath = /bin/sh;
			shellScript = "diff \"${PODS_PODFILE_DIR_PATH}/Podfile.lock\" \"${PODS_ROOT}/Manifest.lock\" > /dev/null\nif [ $? != 0 ] ; then\n    # print error to STDERR\n    echo \"error: The sandbox is not in sync with the Podfile.lock. Run 'pod install' or update your CocoaPods installation.\" >&2\n    exit 1\nfi\n# This output is used by Xcode 'outputs' to avoid re-running this script phase.\necho \"SUCCESS\" > \"${SCRIPT_OUTPUT_FILE_0}\"\n";
			showEnvVarsInLog = 0;
		};
		252DA2360FD6FDAFC5977814 /* [CP] Copy Pods Resources */ = {
			isa = PBXShellScriptBuildPhase;
			buildActionMask = 2147483647;
			files = (
			);
			inputPaths = (
			);
			name = "[CP] Copy Pods Resources";
			outputPaths = (
			);
			runOnlyForDeploymentPostprocessing = 0;
			shellPath = /bin/sh;
			shellScript = "\"${SRCROOT}/Pods/Target Support Files/Pods-instagramAppUITests/Pods-instagramAppUITests-resources.sh\"\n";
			showEnvVarsInLog = 0;
		};
		357A39858F20679C3096AA04 /* [CP] Embed Pods Frameworks */ = {
			isa = PBXShellScriptBuildPhase;
			buildActionMask = 2147483647;
			files = (
			);
			inputPaths = (
			);
			name = "[CP] Embed Pods Frameworks";
			outputPaths = (
			);
			runOnlyForDeploymentPostprocessing = 0;
			shellPath = /bin/sh;
			shellScript = "\"${SRCROOT}/Pods/Target Support Files/Pods-instagramAppUITests/Pods-instagramAppUITests-frameworks.sh\"\n";
			showEnvVarsInLog = 0;
		};
		AE8CF63A08FFC9EE73CA899A /* [CP] Check Pods Manifest.lock */ = {
			isa = PBXShellScriptBuildPhase;
			buildActionMask = 2147483647;
			files = (
			);
			inputPaths = (
				"${PODS_PODFILE_DIR_PATH}/Podfile.lock",
				"${PODS_ROOT}/Manifest.lock",
			);
			name = "[CP] Check Pods Manifest.lock";
			outputPaths = (
				"$(DERIVED_FILE_DIR)/Pods-instagramAppTests-checkManifestLockResult.txt",
			);
			runOnlyForDeploymentPostprocessing = 0;
			shellPath = /bin/sh;
			shellScript = "diff \"${PODS_PODFILE_DIR_PATH}/Podfile.lock\" \"${PODS_ROOT}/Manifest.lock\" > /dev/null\nif [ $? != 0 ] ; then\n    # print error to STDERR\n    echo \"error: The sandbox is not in sync with the Podfile.lock. Run 'pod install' or update your CocoaPods installation.\" >&2\n    exit 1\nfi\n# This output is used by Xcode 'outputs' to avoid re-running this script phase.\necho \"SUCCESS\" > \"${SCRIPT_OUTPUT_FILE_0}\"\n";
			showEnvVarsInLog = 0;
		};
		AEC80068FC42BB7759C6B19B /* [CP] Check Pods Manifest.lock */ = {
			isa = PBXShellScriptBuildPhase;
			buildActionMask = 2147483647;
			files = (
			);
			inputPaths = (
				"${PODS_PODFILE_DIR_PATH}/Podfile.lock",
				"${PODS_ROOT}/Manifest.lock",
			);
			name = "[CP] Check Pods Manifest.lock";
			outputPaths = (
				"$(DERIVED_FILE_DIR)/Pods-instagramApp-checkManifestLockResult.txt",
			);
			runOnlyForDeploymentPostprocessing = 0;
			shellPath = /bin/sh;
			shellScript = "diff \"${PODS_PODFILE_DIR_PATH}/Podfile.lock\" \"${PODS_ROOT}/Manifest.lock\" > /dev/null\nif [ $? != 0 ] ; then\n    # print error to STDERR\n    echo \"error: The sandbox is not in sync with the Podfile.lock. Run 'pod install' or update your CocoaPods installation.\" >&2\n    exit 1\nfi\n# This output is used by Xcode 'outputs' to avoid re-running this script phase.\necho \"SUCCESS\" > \"${SCRIPT_OUTPUT_FILE_0}\"\n";
			showEnvVarsInLog = 0;
		};
		BF0EBE36710AE3EBC5C5B645 /* [CP] Copy Pods Resources */ = {
			isa = PBXShellScriptBuildPhase;
			buildActionMask = 2147483647;
			files = (
			);
			inputPaths = (
			);
			name = "[CP] Copy Pods Resources";
			outputPaths = (
			);
			runOnlyForDeploymentPostprocessing = 0;
			shellPath = /bin/sh;
			shellScript = "\"${SRCROOT}/Pods/Target Support Files/Pods-instagramApp/Pods-instagramApp-resources.sh\"\n";
			showEnvVarsInLog = 0;
		};
		D95DA38C100D7F10627AAF99 /* [CP] Embed Pods Frameworks */ = {
			isa = PBXShellScriptBuildPhase;
			buildActionMask = 2147483647;
			files = (
			);
			inputPaths = (
				"${SRCROOT}/Pods/Target Support Files/Pods-instagramApp/Pods-instagramApp-frameworks.sh",
				"${BUILT_PRODUCTS_DIR}/Bolts/Bolts.framework",
				"${BUILT_PRODUCTS_DIR}/Parse/Parse.framework",
			);
			name = "[CP] Embed Pods Frameworks";
			outputPaths = (
				"${TARGET_BUILD_DIR}/${FRAMEWORKS_FOLDER_PATH}/Bolts.framework",
				"${TARGET_BUILD_DIR}/${FRAMEWORKS_FOLDER_PATH}/Parse.framework",
			);
			runOnlyForDeploymentPostprocessing = 0;
			shellPath = /bin/sh;
			shellScript = "\"${SRCROOT}/Pods/Target Support Files/Pods-instagramApp/Pods-instagramApp-frameworks.sh\"\n";
			showEnvVarsInLog = 0;
		};
/* End PBXShellScriptBuildPhase section */

/* Begin PBXSourcesBuildPhase section */
		4444CFD72043C19700DEAD7E /* Sources */ = {
			isa = PBXSourcesBuildPhase;
			buildActionMask = 2147483647;
			files = (
				4444D00D2043C60A00DEAD7E /* LoginViewController.swift in Sources */,
				4444D017204544E200DEAD7E /* UIColorFile.swift in Sources */,
				4444CFE12043C19700DEAD7E /* UserMainPageViewController.swift in Sources */,
				4444CFDF2043C19700DEAD7E /* AppDelegate.swift in Sources */,
			);
			runOnlyForDeploymentPostprocessing = 0;
		};
		4444CFEB2043C19700DEAD7E /* Sources */ = {
			isa = PBXSourcesBuildPhase;
			buildActionMask = 2147483647;
			files = (
				4444CFF42043C19700DEAD7E /* instagramAppTests.swift in Sources */,
			);
			runOnlyForDeploymentPostprocessing = 0;
		};
		4444CFF62043C19700DEAD7E /* Sources */ = {
			isa = PBXSourcesBuildPhase;
			buildActionMask = 2147483647;
			files = (
				4444CFFF2043C19700DEAD7E /* instagramAppUITests.swift in Sources */,
			);
			runOnlyForDeploymentPostprocessing = 0;
		};
/* End PBXSourcesBuildPhase section */

/* Begin PBXTargetDependency section */
		4444CFF12043C19700DEAD7E /* PBXTargetDependency */ = {
			isa = PBXTargetDependency;
			target = 4444CFDA2043C19700DEAD7E /* instagramApp */;
			targetProxy = 4444CFF02043C19700DEAD7E /* PBXContainerItemProxy */;
		};
		4444CFFC2043C19700DEAD7E /* PBXTargetDependency */ = {
			isa = PBXTargetDependency;
			target = 4444CFDA2043C19700DEAD7E /* instagramApp */;
			targetProxy = 4444CFFB2043C19700DEAD7E /* PBXContainerItemProxy */;
		};
/* End PBXTargetDependency section */

/* Begin PBXVariantGroup section */
		4444CFE22043C19700DEAD7E /* Main.storyboard */ = {
			isa = PBXVariantGroup;
			children = (
				4444CFE32043C19700DEAD7E /* Base */,
			);
			name = Main.storyboard;
			sourceTree = "<group>";
		};
		4444CFE72043C19700DEAD7E /* LaunchScreen.storyboard */ = {
			isa = PBXVariantGroup;
			children = (
				4444CFE82043C19700DEAD7E /* Base */,
			);
			name = LaunchScreen.storyboard;
			sourceTree = "<group>";
		};
/* End PBXVariantGroup section */

/* Begin XCBuildConfiguration section */
		4444D0012043C19700DEAD7E /* Debug */ = {
			isa = XCBuildConfiguration;
			buildSettings = {
				ALWAYS_SEARCH_USER_PATHS = NO;
				CLANG_ANALYZER_NONNULL = YES;
				CLANG_ANALYZER_NUMBER_OBJECT_CONVERSION = YES_AGGRESSIVE;
				CLANG_CXX_LANGUAGE_STANDARD = "gnu++14";
				CLANG_CXX_LIBRARY = "libc++";
				CLANG_ENABLE_MODULES = YES;
				CLANG_ENABLE_OBJC_ARC = YES;
				CLANG_WARN_BLOCK_CAPTURE_AUTORELEASING = YES;
				CLANG_WARN_BOOL_CONVERSION = YES;
				CLANG_WARN_COMMA = YES;
				CLANG_WARN_CONSTANT_CONVERSION = YES;
				CLANG_WARN_DIRECT_OBJC_ISA_USAGE = YES_ERROR;
				CLANG_WARN_DOCUMENTATION_COMMENTS = YES;
				CLANG_WARN_EMPTY_BODY = YES;
				CLANG_WARN_ENUM_CONVERSION = YES;
				CLANG_WARN_INFINITE_RECURSION = YES;
				CLANG_WARN_INT_CONVERSION = YES;
				CLANG_WARN_NON_LITERAL_NULL_CONVERSION = YES;
				CLANG_WARN_OBJC_LITERAL_CONVERSION = YES;
				CLANG_WARN_OBJC_ROOT_CLASS = YES_ERROR;
				CLANG_WARN_RANGE_LOOP_ANALYSIS = YES;
				CLANG_WARN_STRICT_PROTOTYPES = YES;
				CLANG_WARN_SUSPICIOUS_MOVE = YES;
				CLANG_WARN_UNGUARDED_AVAILABILITY = YES_AGGRESSIVE;
				CLANG_WARN_UNREACHABLE_CODE = YES;
				CLANG_WARN__DUPLICATE_METHOD_MATCH = YES;
				CODE_SIGN_IDENTITY = "iPhone Developer";
				COPY_PHASE_STRIP = NO;
				DEBUG_INFORMATION_FORMAT = dwarf;
				ENABLE_STRICT_OBJC_MSGSEND = YES;
				ENABLE_TESTABILITY = YES;
				GCC_C_LANGUAGE_STANDARD = gnu11;
				GCC_DYNAMIC_NO_PIC = NO;
				GCC_NO_COMMON_BLOCKS = YES;
				GCC_OPTIMIZATION_LEVEL = 0;
				GCC_PREPROCESSOR_DEFINITIONS = (
					"DEBUG=1",
					"$(inherited)",
				);
				GCC_WARN_64_TO_32_BIT_CONVERSION = YES;
				GCC_WARN_ABOUT_RETURN_TYPE = YES_ERROR;
				GCC_WARN_UNDECLARED_SELECTOR = YES;
				GCC_WARN_UNINITIALIZED_AUTOS = YES_AGGRESSIVE;
				GCC_WARN_UNUSED_FUNCTION = YES;
				GCC_WARN_UNUSED_VARIABLE = YES;
				IPHONEOS_DEPLOYMENT_TARGET = 11.2;
				MTL_ENABLE_DEBUG_INFO = YES;
				ONLY_ACTIVE_ARCH = YES;
				SDKROOT = iphoneos;
				SWIFT_ACTIVE_COMPILATION_CONDITIONS = DEBUG;
				SWIFT_OPTIMIZATION_LEVEL = "-Onone";
			};
			name = Debug;
		};
		4444D0022043C19700DEAD7E /* Release */ = {
			isa = XCBuildConfiguration;
			buildSettings = {
				ALWAYS_SEARCH_USER_PATHS = NO;
				CLANG_ANALYZER_NONNULL = YES;
				CLANG_ANALYZER_NUMBER_OBJECT_CONVERSION = YES_AGGRESSIVE;
				CLANG_CXX_LANGUAGE_STANDARD = "gnu++14";
				CLANG_CXX_LIBRARY = "libc++";
				CLANG_ENABLE_MODULES = YES;
				CLANG_ENABLE_OBJC_ARC = YES;
				CLANG_WARN_BLOCK_CAPTURE_AUTORELEASING = YES;
				CLANG_WARN_BOOL_CONVERSION = YES;
				CLANG_WARN_COMMA = YES;
				CLANG_WARN_CONSTANT_CONVERSION = YES;
				CLANG_WARN_DIRECT_OBJC_ISA_USAGE = YES_ERROR;
				CLANG_WARN_DOCUMENTATION_COMMENTS = YES;
				CLANG_WARN_EMPTY_BODY = YES;
				CLANG_WARN_ENUM_CONVERSION = YES;
				CLANG_WARN_INFINITE_RECURSION = YES;
				CLANG_WARN_INT_CONVERSION = YES;
				CLANG_WARN_NON_LITERAL_NULL_CONVERSION = YES;
				CLANG_WARN_OBJC_LITERAL_CONVERSION = YES;
				CLANG_WARN_OBJC_ROOT_CLASS = YES_ERROR;
				CLANG_WARN_RANGE_LOOP_ANALYSIS = YES;
				CLANG_WARN_STRICT_PROTOTYPES = YES;
				CLANG_WARN_SUSPICIOUS_MOVE = YES;
				CLANG_WARN_UNGUARDED_AVAILABILITY = YES_AGGRESSIVE;
				CLANG_WARN_UNREACHABLE_CODE = YES;
				CLANG_WARN__DUPLICATE_METHOD_MATCH = YES;
				CODE_SIGN_IDENTITY = "iPhone Developer";
				COPY_PHASE_STRIP = NO;
				DEBUG_INFORMATION_FORMAT = "dwarf-with-dsym";
				ENABLE_NS_ASSERTIONS = NO;
				ENABLE_STRICT_OBJC_MSGSEND = YES;
				GCC_C_LANGUAGE_STANDARD = gnu11;
				GCC_NO_COMMON_BLOCKS = YES;
				GCC_WARN_64_TO_32_BIT_CONVERSION = YES;
				GCC_WARN_ABOUT_RETURN_TYPE = YES_ERROR;
				GCC_WARN_UNDECLARED_SELECTOR = YES;
				GCC_WARN_UNINITIALIZED_AUTOS = YES_AGGRESSIVE;
				GCC_WARN_UNUSED_FUNCTION = YES;
				GCC_WARN_UNUSED_VARIABLE = YES;
				IPHONEOS_DEPLOYMENT_TARGET = 11.2;
				MTL_ENABLE_DEBUG_INFO = NO;
				SDKROOT = iphoneos;
				SWIFT_OPTIMIZATION_LEVEL = "-Owholemodule";
				VALIDATE_PRODUCT = YES;
			};
			name = Release;
		};
		4444D0042043C19700DEAD7E /* Debug */ = {
			isa = XCBuildConfiguration;
			baseConfigurationReference = 80AD353116D4CAD1AEB4E992 /* Pods-instagramApp.debug.xcconfig */;
			buildSettings = {
				ASSETCATALOG_COMPILER_APPICON_NAME = AppIcon;
				CODE_SIGN_STYLE = Automatic;
				INFOPLIST_FILE = instagramApp/Info.plist;
				LD_RUNPATH_SEARCH_PATHS = "$(inherited) @executable_path/Frameworks";
				PRODUCT_BUNDLE_IDENTIFIER = com.codepath.instagramApp;
				PRODUCT_NAME = "$(TARGET_NAME)";
				SWIFT_VERSION = 4.0;
				TARGETED_DEVICE_FAMILY = "1,2";
			};
			name = Debug;
		};
		4444D0052043C19700DEAD7E /* Release */ = {
			isa = XCBuildConfiguration;
			baseConfigurationReference = 28D86BCAFC060716073E9A9E /* Pods-instagramApp.release.xcconfig */;
			buildSettings = {
				ASSETCATALOG_COMPILER_APPICON_NAME = AppIcon;
				CODE_SIGN_STYLE = Automatic;
				INFOPLIST_FILE = instagramApp/Info.plist;
				LD_RUNPATH_SEARCH_PATHS = "$(inherited) @executable_path/Frameworks";
				PRODUCT_BUNDLE_IDENTIFIER = com.codepath.instagramApp;
				PRODUCT_NAME = "$(TARGET_NAME)";
				SWIFT_VERSION = 4.0;
				TARGETED_DEVICE_FAMILY = "1,2";
			};
			name = Release;
		};
		4444D0072043C19700DEAD7E /* Debug */ = {
			isa = XCBuildConfiguration;
			baseConfigurationReference = D61FB66CA37DF92707512537 /* Pods-instagramAppTests.debug.xcconfig */;
			buildSettings = {
				ALWAYS_EMBED_SWIFT_STANDARD_LIBRARIES = YES;
				BUNDLE_LOADER = "$(TEST_HOST)";
				CODE_SIGN_STYLE = Automatic;
				INFOPLIST_FILE = instagramAppTests/Info.plist;
				LD_RUNPATH_SEARCH_PATHS = "$(inherited) @executable_path/Frameworks @loader_path/Frameworks";
				PRODUCT_BUNDLE_IDENTIFIER = com.codepath.instagramAppTests;
				PRODUCT_NAME = "$(TARGET_NAME)";
				SWIFT_VERSION = 4.0;
				TARGETED_DEVICE_FAMILY = "1,2";
				TEST_HOST = "$(BUILT_PRODUCTS_DIR)/instagramApp.app/instagramApp";
			};
			name = Debug;
		};
		4444D0082043C19700DEAD7E /* Release */ = {
			isa = XCBuildConfiguration;
			baseConfigurationReference = C6E83A254BC511DEA2F3B65C /* Pods-instagramAppTests.release.xcconfig */;
			buildSettings = {
				ALWAYS_EMBED_SWIFT_STANDARD_LIBRARIES = YES;
				BUNDLE_LOADER = "$(TEST_HOST)";
				CODE_SIGN_STYLE = Automatic;
				INFOPLIST_FILE = instagramAppTests/Info.plist;
				LD_RUNPATH_SEARCH_PATHS = "$(inherited) @executable_path/Frameworks @loader_path/Frameworks";
				PRODUCT_BUNDLE_IDENTIFIER = com.codepath.instagramAppTests;
				PRODUCT_NAME = "$(TARGET_NAME)";
				SWIFT_VERSION = 4.0;
				TARGETED_DEVICE_FAMILY = "1,2";
				TEST_HOST = "$(BUILT_PRODUCTS_DIR)/instagramApp.app/instagramApp";
			};
			name = Release;
		};
		4444D00A2043C19700DEAD7E /* Debug */ = {
			isa = XCBuildConfiguration;
			baseConfigurationReference = 8A9F4E0636AEF09244BF08D1 /* Pods-instagramAppUITests.debug.xcconfig */;
			buildSettings = {
				ALWAYS_EMBED_SWIFT_STANDARD_LIBRARIES = YES;
				CODE_SIGN_STYLE = Automatic;
				INFOPLIST_FILE = instagramAppUITests/Info.plist;
				LD_RUNPATH_SEARCH_PATHS = "$(inherited) @executable_path/Frameworks @loader_path/Frameworks";
				PRODUCT_BUNDLE_IDENTIFIER = com.codepath.instagramAppUITests;
				PRODUCT_NAME = "$(TARGET_NAME)";
				SWIFT_VERSION = 4.0;
				TARGETED_DEVICE_FAMILY = "1,2";
				TEST_TARGET_NAME = instagramApp;
			};
			name = Debug;
		};
		4444D00B2043C19700DEAD7E /* Release */ = {
			isa = XCBuildConfiguration;
			baseConfigurationReference = C05B492A83424AE0E43C3070 /* Pods-instagramAppUITests.release.xcconfig */;
			buildSettings = {
				ALWAYS_EMBED_SWIFT_STANDARD_LIBRARIES = YES;
				CODE_SIGN_STYLE = Automatic;
				INFOPLIST_FILE = instagramAppUITests/Info.plist;
				LD_RUNPATH_SEARCH_PATHS = "$(inherited) @executable_path/Frameworks @loader_path/Frameworks";
				PRODUCT_BUNDLE_IDENTIFIER = com.codepath.instagramAppUITests;
				PRODUCT_NAME = "$(TARGET_NAME)";
				SWIFT_VERSION = 4.0;
				TARGETED_DEVICE_FAMILY = "1,2";
				TEST_TARGET_NAME = instagramApp;
			};
			name = Release;
		};
/* End XCBuildConfiguration section */

/* Begin XCConfigurationList section */
		4444CFD62043C19700DEAD7E /* Build configuration list for PBXProject "instagramApp" */ = {
			isa = XCConfigurationList;
			buildConfigurations = (
				4444D0012043C19700DEAD7E /* Debug */,
				4444D0022043C19700DEAD7E /* Release */,
			);
			defaultConfigurationIsVisible = 0;
			defaultConfigurationName = Release;
		};
		4444D0032043C19700DEAD7E /* Build configuration list for PBXNativeTarget "instagramApp" */ = {
			isa = XCConfigurationList;
			buildConfigurations = (
				4444D0042043C19700DEAD7E /* Debug */,
				4444D0052043C19700DEAD7E /* Release */,
			);
			defaultConfigurationIsVisible = 0;
			defaultConfigurationName = Release;
		};
		4444D0062043C19700DEAD7E /* Build configuration list for PBXNativeTarget "instagramAppTests" */ = {
			isa = XCConfigurationList;
			buildConfigurations = (
				4444D0072043C19700DEAD7E /* Debug */,
				4444D0082043C19700DEAD7E /* Release */,
			);
			defaultConfigurationIsVisible = 0;
			defaultConfigurationName = Release;
		};
		4444D0092043C19700DEAD7E /* Build configuration list for PBXNativeTarget "instagramAppUITests" */ = {
			isa = XCConfigurationList;
			buildConfigurations = (
				4444D00A2043C19700DEAD7E /* Debug */,
				4444D00B2043C19700DEAD7E /* Release */,
			);
			defaultConfigurationIsVisible = 0;
			defaultConfigurationName = Release;
		};
/* End XCConfigurationList section */
	};
	rootObject = 4444CFD32043C19700DEAD7E /* Project object */;
}
